
Microsoft Visual Studio Solution File, Format Version 12.00
# Visual Studio Version 17
VisualStudioVersion = 17.4.33213.308
MinimumVisualStudioVersion = 10.0.40219.1
Project("{FAE04EC0-301F-11D3-BF4B-00C04F79EFBC}") = "H3WebServer", "H3WebServer\H3WebServer.csproj", "{97D2BB51-7C47-4C23-AF8E-D2A01EFAB6DD}"
EndProject
Global
	GlobalSection(SolutionConfigurationPlatforms) = preSolution
		Debug|Any CPU = Debug|Any CPU
		Release|Any CPU = Release|Any CPU
	EndGlobalSection
	GlobalSection(ProjectConfigurationPlatforms) = postSolution
		{97D2BB51-7C47-4C23-AF8E-D2A01EFAB6DD}.Debug|Any CPU.ActiveCfg = Debug|Any CPU
		{97D2BB51-7C47-4C23-AF8E-D2A01EFAB6DD}.Debug|Any CPU.Build.0 = Debug|Any CPU
		{97D2BB51-7C47-4C23-AF8E-D2A01EFAB6DD}.Release|Any CPU.ActiveCfg = Release|Any CPU
		{97D2BB51-7C47-4C23-AF8E-D2A01EFAB6DD}.Release|Any CPU.Build.0 = Release|Any CPU
	EndGlobalSection
	GlobalSection(SolutionProperties) = preSolution
		HideSolutionNode = FALSE
	EndGlobalSection
	GlobalSection(ExtensibilityGlobals) = postSolution
		SolutionGuid = {910F7E34-9577-4E9E-A64D-E5627BDD1CA3}
	EndGlobalSection
EndGlobal
